
Microsoft Visual Studio Solution File, Format Version 12.00
# Visual Studio Version 16
VisualStudioVersion = 16.0.32413.511
MinimumVisualStudioVersion = 10.0.40219.1
Project("{FAE04EC0-301F-11D3-BF4B-00C04F79EFBC}") = "GPIB_02", "GPIB_02.csproj", "{4BCDBBC5-7022-4008-9F02-C4451B68ED41}"
EndProject
Global
	GlobalSection(SolutionConfigurationPlatforms) = preSolution
		Debug|Any CPU = Debug|Any CPU
		Release|Any CPU = Release|Any CPU
	EndGlobalSection
	GlobalSection(ProjectConfigurationPlatforms) = postSolution
		{4BCDBBC5-7022-4008-9F02-C4451B68ED41}.Debug|Any CPU.ActiveCfg = Debug|Any CPU
		{4BCDBBC5-7022-4008-9F02-C4451B68ED41}.Debug|Any CPU.Build.0 = Debug|Any CPU
		{4BCDBBC5-7022-4008-9F02-C4451B68ED41}.Release|Any CPU.ActiveCfg = Release|Any CPU
		{4BCDBBC5-7022-4008-9F02-C4451B68ED41}.Release|Any CPU.Build.0 = Release|Any CPU
	EndGlobalSection
	GlobalSection(SolutionProperties) = preSolution
		HideSolutionNode = FALSE
	EndGlobalSection
	GlobalSection(ExtensibilityGlobals) = postSolution
		SolutionGuid = {B12EC0B9-9DEC-4750-988D-B46313CD4792}
	EndGlobalSection
EndGlobal
