
Microsoft Visual Studio Solution File, Format Version 12.00
# Visual Studio Version 16
VisualStudioVersion = 16.0.34729.46
MinimumVisualStudioVersion = 10.0.40219.1
Project("{FAE04EC0-301F-11D3-BF4B-00C04F79EFBC}") = "FOE_SW_Platform", "FOE_SW_Platform.csproj", "{96A1EB75-2B5D-4EDC-86D5-1801D3AB7A81}"
EndProject
Global
	GlobalSection(SolutionConfigurationPlatforms) = preSolution
		Debug|Any CPU = Debug|Any CPU
		Release|Any CPU = Release|Any CPU
	EndGlobalSection
	GlobalSection(ProjectConfigurationPlatforms) = postSolution
		{96A1EB75-2B5D-4EDC-86D5-1801D3AB7A81}.Debug|Any CPU.ActiveCfg = Debug|Any CPU
		{96A1EB75-2B5D-4EDC-86D5-1801D3AB7A81}.Debug|Any CPU.Build.0 = Debug|Any CPU
		{96A1EB75-2B5D-4EDC-86D5-1801D3AB7A81}.Release|Any CPU.ActiveCfg = Release|Any CPU
		{96A1EB75-2B5D-4EDC-86D5-1801D3AB7A81}.Release|Any CPU.Build.0 = Release|Any CPU
	EndGlobalSection
	GlobalSection(SolutionProperties) = preSolution
		HideSolutionNode = FALSE
	EndGlobalSection
	GlobalSection(ExtensibilityGlobals) = postSolution
		SolutionGuid = {1C237D33-5854-40DB-A30E-0EF056B14616}
	EndGlobalSection
EndGlobal
