
Microsoft Visual Studio Solution File, Format Version 12.00
# Visual Studio Version 16
VisualStudioVersion = 16.0.32413.511
MinimumVisualStudioVersion = 10.0.40219.1
Project("{FAE04EC0-301F-11D3-BF4B-00C04F79EFBC}") = "EXFO MA-4000", "EXFO MA-4000.csproj", "{CA1939D6-BC30-40A7-9C0D-D2EFEDC4D825}"
EndProject
Global
	GlobalSection(SolutionConfigurationPlatforms) = preSolution
		Debug|Any CPU = Debug|Any CPU
		Release|Any CPU = Release|Any CPU
	EndGlobalSection
	GlobalSection(ProjectConfigurationPlatforms) = postSolution
		{CA1939D6-BC30-40A7-9C0D-D2EFEDC4D825}.Debug|Any CPU.ActiveCfg = Debug|Any CPU
		{CA1939D6-BC30-40A7-9C0D-D2EFEDC4D825}.Debug|Any CPU.Build.0 = Debug|Any CPU
		{CA1939D6-BC30-40A7-9C0D-D2EFEDC4D825}.Release|Any CPU.ActiveCfg = Release|Any CPU
		{CA1939D6-BC30-40A7-9C0D-D2EFEDC4D825}.Release|Any CPU.Build.0 = Release|Any CPU
	EndGlobalSection
	GlobalSection(SolutionProperties) = preSolution
		HideSolutionNode = FALSE
	EndGlobalSection
	GlobalSection(ExtensibilityGlobals) = postSolution
		SolutionGuid = {AF41778C-684E-451B-9889-662B225A6E11}
	EndGlobalSection
EndGlobal
