
Microsoft Visual Studio Solution File, Format Version 12.00
# Visual Studio Version 16
VisualStudioVersion = 16.0.34729.46
MinimumVisualStudioVersion = 10.0.40219.1
Project("{FAE04EC0-301F-11D3-BF4B-00C04F79EFBC}") = "task_run_02", "task_run_02.csproj", "{4C3ED551-8B26-45FB-B861-7FA07842BE23}"
EndProject
Global
	GlobalSection(SolutionConfigurationPlatforms) = preSolution
		Debug|Any CPU = Debug|Any CPU
		Release|Any CPU = Release|Any CPU
	EndGlobalSection
	GlobalSection(ProjectConfigurationPlatforms) = postSolution
		{4C3ED551-8B26-45FB-B861-7FA07842BE23}.Debug|Any CPU.ActiveCfg = Debug|Any CPU
		{4C3ED551-8B26-45FB-B861-7FA07842BE23}.Debug|Any CPU.Build.0 = Debug|Any CPU
		{4C3ED551-8B26-45FB-B861-7FA07842BE23}.Release|Any CPU.ActiveCfg = Release|Any CPU
		{4C3ED551-8B26-45FB-B861-7FA07842BE23}.Release|Any CPU.Build.0 = Release|Any CPU
	EndGlobalSection
	GlobalSection(SolutionProperties) = preSolution
		HideSolutionNode = FALSE
	EndGlobalSection
	GlobalSection(ExtensibilityGlobals) = postSolution
		SolutionGuid = {4484D03E-3CBE-4E59-ADE7-E16BB7742996}
	EndGlobalSection
EndGlobal
