
Microsoft Visual Studio Solution File, Format Version 12.00
# Visual Studio Version 16
VisualStudioVersion = 16.0.34729.46
MinimumVisualStudioVersion = 10.0.40219.1
Project("{FAE04EC0-301F-11D3-BF4B-00C04F79EFBC}") = "EEPROMworkflow_improvement_01", "EEPROMworkflow_improvement_01.csproj", "{7BA6638E-16DC-4085-8695-300FF49D9F16}"
EndProject
Global
	GlobalSection(SolutionConfigurationPlatforms) = preSolution
		Debug|Any CPU = Debug|Any CPU
		Release|Any CPU = Release|Any CPU
	EndGlobalSection
	GlobalSection(ProjectConfigurationPlatforms) = postSolution
		{7BA6638E-16DC-4085-8695-300FF49D9F16}.Debug|Any CPU.ActiveCfg = Debug|Any CPU
		{7BA6638E-16DC-4085-8695-300FF49D9F16}.Debug|Any CPU.Build.0 = Debug|Any CPU
		{7BA6638E-16DC-4085-8695-300FF49D9F16}.Release|Any CPU.ActiveCfg = Release|Any CPU
		{7BA6638E-16DC-4085-8695-300FF49D9F16}.Release|Any CPU.Build.0 = Release|Any CPU
	EndGlobalSection
	GlobalSection(SolutionProperties) = preSolution
		HideSolutionNode = FALSE
	EndGlobalSection
	GlobalSection(ExtensibilityGlobals) = postSolution
		SolutionGuid = {F873F632-CCAB-4F75-8B71-B453CF3B00B6}
	EndGlobalSection
EndGlobal
